
Microsoft Visual Studio Solution File, Format Version 12.00
# Visual Studio Version 17
VisualStudioVersion = 17.9.34622.214
MinimumVisualStudioVersion = 10.0.40219.1
Project("{FAE04EC0-301F-11D3-BF4B-00C04F79EFBC}") = "API", "API\API.csproj", "{FB066DB8-85C7-4FFF-A319-1C7AAB42DEE5}"
EndProject
Project("{FAE04EC0-301F-11D3-BF4B-00C04F79EFBC}") = "Application", "Application\Application.csproj", "{4880C0C3-36B8-4016-B00A-5B09F5121419}"
EndProject
Global
	GlobalSection(SolutionConfigurationPlatforms) = preSolution
		Debug|Any CPU = Debug|Any CPU
		Release|Any CPU = Release|Any CPU
	EndGlobalSection
	GlobalSection(ProjectConfigurationPlatforms) = postSolution
		{FB066DB8-85C7-4FFF-A319-1C7AAB42DEE5}.Debug|Any CPU.ActiveCfg = Debug|Any CPU
		{FB066DB8-85C7-4FFF-A319-1C7AAB42DEE5}.Debug|Any CPU.Build.0 = Debug|Any CPU
		{FB066DB8-85C7-4FFF-A319-1C7AAB42DEE5}.Release|Any CPU.ActiveCfg = Release|Any CPU
		{FB066DB8-85C7-4FFF-A319-1C7AAB42DEE5}.Release|Any CPU.Build.0 = Release|Any CPU
		{4880C0C3-36B8-4016-B00A-5B09F5121419}.Debug|Any CPU.ActiveCfg = Debug|Any CPU
		{4880C0C3-36B8-4016-B00A-5B09F5121419}.Debug|Any CPU.Build.0 = Debug|Any CPU
		{4880C0C3-36B8-4016-B00A-5B09F5121419}.Release|Any CPU.ActiveCfg = Release|Any CPU
		{4880C0C3-36B8-4016-B00A-5B09F5121419}.Release|Any CPU.Build.0 = Release|Any CPU
	EndGlobalSection
	GlobalSection(SolutionProperties) = preSolution
		HideSolutionNode = FALSE
	EndGlobalSection
	GlobalSection(ExtensibilityGlobals) = postSolution
		SolutionGuid = {4AB52515-AE0D-4FAF-A8F2-C638E8B6879F}
	EndGlobalSection
EndGlobal
